
Microsoft Visual Studio Solution File, Format Version 12.00
# Visual Studio 15
VisualStudioVersion = 15.0.34031.82
MinimumVisualStudioVersion = 10.0.40219.1
Project("{8BC9CEB8-8B4A-11D0-8D11-00A0C91BC942}") = "类模板", "类模板\类模板.vcxproj", "{5174696B-47C9-4695-8247-C9BBF5224C90}"
EndProject
Global
	GlobalSection(SolutionConfigurationPlatforms) = preSolution
		Debug|x64 = Debug|x64
		Debug|x86 = Debug|x86
		Release|x64 = Release|x64
		Release|x86 = Release|x86
	EndGlobalSection
	GlobalSection(ProjectConfigurationPlatforms) = postSolution
		{5174696B-47C9-4695-8247-C9BBF5224C90}.Debug|x64.ActiveCfg = Debug|x64
		{5174696B-47C9-4695-8247-C9BBF5224C90}.Debug|x64.Build.0 = Debug|x64
		{5174696B-47C9-4695-8247-C9BBF5224C90}.Debug|x86.ActiveCfg = Debug|Win32
		{5174696B-47C9-4695-8247-C9BBF5224C90}.Debug|x86.Build.0 = Debug|Win32
		{5174696B-47C9-4695-8247-C9BBF5224C90}.Release|x64.ActiveCfg = Release|x64
		{5174696B-47C9-4695-8247-C9BBF5224C90}.Release|x64.Build.0 = Release|x64
		{5174696B-47C9-4695-8247-C9BBF5224C90}.Release|x86.ActiveCfg = Release|Win32
		{5174696B-47C9-4695-8247-C9BBF5224C90}.Release|x86.Build.0 = Release|Win32
	EndGlobalSection
	GlobalSection(SolutionProperties) = preSolution
		HideSolutionNode = FALSE
	EndGlobalSection
	GlobalSection(ExtensibilityGlobals) = postSolution
		SolutionGuid = {6147E8CD-5D18-4F94-8031-C9B3D89BC070}
	EndGlobalSection
EndGlobal
