
Microsoft Visual Studio Solution File, Format Version 12.00
# Visual Studio 15
VisualStudioVersion = 15.0.34031.82
MinimumVisualStudioVersion = 10.0.40219.1
Project("{8BC9CEB8-8B4A-11D0-8D11-00A0C91BC942}") = "vector", "vector\vector.vcxproj", "{179DF364-263D-4BD5-A9AF-D98C0728CCA5}"
EndProject
Global
	GlobalSection(SolutionConfigurationPlatforms) = preSolution
		Debug|x64 = Debug|x64
		Debug|x86 = Debug|x86
		Release|x64 = Release|x64
		Release|x86 = Release|x86
	EndGlobalSection
	GlobalSection(ProjectConfigurationPlatforms) = postSolution
		{179DF364-263D-4BD5-A9AF-D98C0728CCA5}.Debug|x64.ActiveCfg = Debug|x64
		{179DF364-263D-4BD5-A9AF-D98C0728CCA5}.Debug|x64.Build.0 = Debug|x64
		{179DF364-263D-4BD5-A9AF-D98C0728CCA5}.Debug|x86.ActiveCfg = Debug|Win32
		{179DF364-263D-4BD5-A9AF-D98C0728CCA5}.Debug|x86.Build.0 = Debug|Win32
		{179DF364-263D-4BD5-A9AF-D98C0728CCA5}.Release|x64.ActiveCfg = Release|x64
		{179DF364-263D-4BD5-A9AF-D98C0728CCA5}.Release|x64.Build.0 = Release|x64
		{179DF364-263D-4BD5-A9AF-D98C0728CCA5}.Release|x86.ActiveCfg = Release|Win32
		{179DF364-263D-4BD5-A9AF-D98C0728CCA5}.Release|x86.Build.0 = Release|Win32
	EndGlobalSection
	GlobalSection(SolutionProperties) = preSolution
		HideSolutionNode = FALSE
	EndGlobalSection
	GlobalSection(ExtensibilityGlobals) = postSolution
		SolutionGuid = {5648E690-A572-4557-8984-62ED87F102A1}
	EndGlobalSection
EndGlobal
